
Microsoft Visual Studio Solution File, Format Version 12.00
# Visual Studio 2013
VisualStudioVersion = 12.0.30723.0
MinimumVisualStudioVersion = 10.0.40219.1
Project("{FAE04EC0-301F-11D3-BF4B-00C04F79EFBC}") = "Vdk.AutoCompleter.TestClient", "Vdk.AutoCompleter.TestClient\Vdk.AutoCompleter.TestClient.csproj", "{A84CC56C-E985-4884-8B24-A6A04A702DB2}"
EndProject
Project("{FAE04EC0-301F-11D3-BF4B-00C04F79EFBC}") = "Vdk.AutoCompleter.Core", "Vdk.AutoCompleter.Core\Vdk.AutoCompleter.Core.csproj", "{FACF102B-E125-4782-AEAF-8C504C8DF050}"
EndProject
Project("{FAE04EC0-301F-11D3-BF4B-00C04F79EFBC}") = "Vdk.AutoCompleter.Common", "Vdk.AutoCompleter.Common\Vdk.AutoCompleter.Common.csproj", "{386FF018-2DCA-4C76-A565-1CDB39770027}"
EndProject
Project("{2150E333-8FDC-42A3-9474-1A3956D46DE8}") = ".nuget", ".nuget", "{912575FC-0A71-4E04-B9F6-B82B8F691766}"
	ProjectSection(SolutionItems) = preProject
		.nuget\NuGet.Config = .nuget\NuGet.Config
		.nuget\NuGet.exe = .nuget\NuGet.exe
		.nuget\NuGet.targets = .nuget\NuGet.targets
	EndProjectSection
EndProject
Project("{FAE04EC0-301F-11D3-BF4B-00C04F79EFBC}") = "Vdk.AutoCompleter.TestCore", "Vdk.AutoCompleter.TestCore\Vdk.AutoCompleter.TestCore.csproj", "{A09F608E-2705-4BF2-8647-74DD82C4B4FE}"
EndProject
Project("{2150E333-8FDC-42A3-9474-1A3956D46DE8}") = "Tests", "Tests", "{AF8AD8BD-72A3-4DA3-B515-34CFFFB92F9E}"
EndProject
Project("{2150E333-8FDC-42A3-9474-1A3956D46DE8}") = "Framework", "Framework", "{F52EA672-7931-4207-B634-042E98173BE9}"
EndProject
Project("{FAE04EC0-301F-11D3-BF4B-00C04F79EFBC}") = "Vdk.AutoCompleter.Wcf.Core", "Vdk.AutoCompleter.Wcf.Core\Vdk.AutoCompleter.Wcf.Core.csproj", "{00EF1342-559C-4EF4-89DE-4654D21292D9}"
EndProject
Project("{FAE04EC0-301F-11D3-BF4B-00C04F79EFBC}") = "Vdk.AutoCompleter.Wcf.Client", "Vdk.AutoCompleter.Wcf.Client\Vdk.AutoCompleter.Wcf.Client.csproj", "{F265A6EC-56AD-4A5A-A03F-23D4EE149824}"
	ProjectSection(ProjectDependencies) = postProject
		{00EF1342-559C-4EF4-89DE-4654D21292D9} = {00EF1342-559C-4EF4-89DE-4654D21292D9}
	EndProjectSection
EndProject
Project("{FAE04EC0-301F-11D3-BF4B-00C04F79EFBC}") = "Vdk.AutoCompleter.Wcf.Server", "Vdk.AutoCompleter.Wcf.Server\Vdk.AutoCompleter.Wcf.Server.csproj", "{E489DDF0-89CA-4AA8-B3F8-51F56195BBEB}"
EndProject
Project("{FAE04EC0-301F-11D3-BF4B-00C04F79EFBC}") = "CustomTextEncoder", "CustomTextEncoder\CustomTextEncoder.csproj", "{809083E6-CFDB-419F-B994-955509541251}"
EndProject
Project("{FAE04EC0-301F-11D3-BF4B-00C04F79EFBC}") = "Vdk.AutoCompleter.Thrift.Server", "Vdk.AutoCompleter.Thrift.Server\Vdk.AutoCompleter.Thrift.Server.csproj", "{C9CF7574-011D-40BA-AE61-2376B86E3BE5}"
EndProject
Project("{FAE04EC0-301F-11D3-BF4B-00C04F79EFBC}") = "Vdk.AutoCompleter.Thrift.Core", "Vdk.AutoCompleter.Thrift.Core\Vdk.AutoCompleter.Thrift.Core.csproj", "{D271871F-23EA-48C8-954D-B125D41B850C}"
EndProject
Project("{FAE04EC0-301F-11D3-BF4B-00C04F79EFBC}") = "Vdk.AutoCompleter.Thrift.Client", "Vdk.AutoCompleter.Thrift.Client\Vdk.AutoCompleter.Thrift.Client.csproj", "{AA80BD8E-4B35-48B6-B9FC-23247FA6A892}"
EndProject
Project("{FAE04EC0-301F-11D3-BF4B-00C04F79EFBC}") = "Vdk.AutoCompleter.Thrift.ServerModule", "Vdk.AutoCompleter.Thrift.ServerModule\Vdk.AutoCompleter.Thrift.ServerModule.csproj", "{C7B9B874-8502-4D5B-9EF1-9A13A5E50B74}"
EndProject
Project("{FAE04EC0-301F-11D3-BF4B-00C04F79EFBC}") = "Vdk.AutoCompleter.Thrift.ClientModule", "Vdk.AutoCompleter.Thrift.ClientModule\Vdk.AutoCompleter.Thrift.ClientModule.csproj", "{1E1369C2-155E-4300-9233-2858631851D1}"
EndProject
Project("{FAE04EC0-301F-11D3-BF4B-00C04F79EFBC}") = "Vdk.AutoCompleter.Wcf.ServerModule", "Vdk.AutoCompleter.Wcf.ServerModule\Vdk.AutoCompleter.Wcf.ServerModule.csproj", "{7F8AA918-39F3-4AC1-B9E4-F5DE3D9BA830}"
EndProject
Project("{FAE04EC0-301F-11D3-BF4B-00C04F79EFBC}") = "Vdk.AutoCompleter.Wcf.ClientModule", "Vdk.AutoCompleter.Wcf.ClientModule\Vdk.AutoCompleter.Wcf.ClientModule.csproj", "{C2C233B7-3407-44C6-BE1C-575CE10593C6}"
EndProject
Global
	GlobalSection(SolutionConfigurationPlatforms) = preSolution
		Debug|Any CPU = Debug|Any CPU
		Debug|x86 = Debug|x86
		Release|Any CPU = Release|Any CPU
		Release|x86 = Release|x86
	EndGlobalSection
	GlobalSection(ProjectConfigurationPlatforms) = postSolution
		{A84CC56C-E985-4884-8B24-A6A04A702DB2}.Debug|Any CPU.ActiveCfg = Debug|Any CPU
		{A84CC56C-E985-4884-8B24-A6A04A702DB2}.Debug|Any CPU.Build.0 = Debug|Any CPU
		{A84CC56C-E985-4884-8B24-A6A04A702DB2}.Debug|x86.ActiveCfg = Debug|Any CPU
		{A84CC56C-E985-4884-8B24-A6A04A702DB2}.Release|Any CPU.ActiveCfg = Release|Any CPU
		{A84CC56C-E985-4884-8B24-A6A04A702DB2}.Release|Any CPU.Build.0 = Release|Any CPU
		{A84CC56C-E985-4884-8B24-A6A04A702DB2}.Release|x86.ActiveCfg = Release|Any CPU
		{FACF102B-E125-4782-AEAF-8C504C8DF050}.Debug|Any CPU.ActiveCfg = Debug|Any CPU
		{FACF102B-E125-4782-AEAF-8C504C8DF050}.Debug|Any CPU.Build.0 = Debug|Any CPU
		{FACF102B-E125-4782-AEAF-8C504C8DF050}.Debug|x86.ActiveCfg = Debug|x86
		{FACF102B-E125-4782-AEAF-8C504C8DF050}.Debug|x86.Build.0 = Debug|x86
		{FACF102B-E125-4782-AEAF-8C504C8DF050}.Release|Any CPU.ActiveCfg = Release|Any CPU
		{FACF102B-E125-4782-AEAF-8C504C8DF050}.Release|Any CPU.Build.0 = Release|Any CPU
		{FACF102B-E125-4782-AEAF-8C504C8DF050}.Release|x86.ActiveCfg = Release|x86
		{FACF102B-E125-4782-AEAF-8C504C8DF050}.Release|x86.Build.0 = Release|x86
		{386FF018-2DCA-4C76-A565-1CDB39770027}.Debug|Any CPU.ActiveCfg = Debug|Any CPU
		{386FF018-2DCA-4C76-A565-1CDB39770027}.Debug|Any CPU.Build.0 = Debug|Any CPU
		{386FF018-2DCA-4C76-A565-1CDB39770027}.Debug|x86.ActiveCfg = Debug|Any CPU
		{386FF018-2DCA-4C76-A565-1CDB39770027}.Release|Any CPU.ActiveCfg = Release|Any CPU
		{386FF018-2DCA-4C76-A565-1CDB39770027}.Release|Any CPU.Build.0 = Release|Any CPU
		{386FF018-2DCA-4C76-A565-1CDB39770027}.Release|x86.ActiveCfg = Release|Any CPU
		{A09F608E-2705-4BF2-8647-74DD82C4B4FE}.Debug|Any CPU.ActiveCfg = Debug|Any CPU
		{A09F608E-2705-4BF2-8647-74DD82C4B4FE}.Debug|Any CPU.Build.0 = Debug|Any CPU
		{A09F608E-2705-4BF2-8647-74DD82C4B4FE}.Debug|x86.ActiveCfg = Debug|Any CPU
		{A09F608E-2705-4BF2-8647-74DD82C4B4FE}.Release|Any CPU.ActiveCfg = Release|Any CPU
		{A09F608E-2705-4BF2-8647-74DD82C4B4FE}.Release|Any CPU.Build.0 = Release|Any CPU
		{A09F608E-2705-4BF2-8647-74DD82C4B4FE}.Release|x86.ActiveCfg = Release|Any CPU
		{00EF1342-559C-4EF4-89DE-4654D21292D9}.Debug|Any CPU.ActiveCfg = Debug|Any CPU
		{00EF1342-559C-4EF4-89DE-4654D21292D9}.Debug|Any CPU.Build.0 = Debug|Any CPU
		{00EF1342-559C-4EF4-89DE-4654D21292D9}.Debug|x86.ActiveCfg = Debug|Any CPU
		{00EF1342-559C-4EF4-89DE-4654D21292D9}.Release|Any CPU.ActiveCfg = Release|Any CPU
		{00EF1342-559C-4EF4-89DE-4654D21292D9}.Release|Any CPU.Build.0 = Release|Any CPU
		{00EF1342-559C-4EF4-89DE-4654D21292D9}.Release|x86.ActiveCfg = Release|Any CPU
		{F265A6EC-56AD-4A5A-A03F-23D4EE149824}.Debug|Any CPU.ActiveCfg = Debug|Any CPU
		{F265A6EC-56AD-4A5A-A03F-23D4EE149824}.Debug|Any CPU.Build.0 = Debug|Any CPU
		{F265A6EC-56AD-4A5A-A03F-23D4EE149824}.Debug|x86.ActiveCfg = Debug|Any CPU
		{F265A6EC-56AD-4A5A-A03F-23D4EE149824}.Release|Any CPU.ActiveCfg = Release|Any CPU
		{F265A6EC-56AD-4A5A-A03F-23D4EE149824}.Release|Any CPU.Build.0 = Release|Any CPU
		{F265A6EC-56AD-4A5A-A03F-23D4EE149824}.Release|x86.ActiveCfg = Release|Any CPU
		{E489DDF0-89CA-4AA8-B3F8-51F56195BBEB}.Debug|Any CPU.ActiveCfg = Debug|Any CPU
		{E489DDF0-89CA-4AA8-B3F8-51F56195BBEB}.Debug|Any CPU.Build.0 = Debug|Any CPU
		{E489DDF0-89CA-4AA8-B3F8-51F56195BBEB}.Debug|x86.ActiveCfg = Debug|Any CPU
		{E489DDF0-89CA-4AA8-B3F8-51F56195BBEB}.Release|Any CPU.ActiveCfg = Release|Any CPU
		{E489DDF0-89CA-4AA8-B3F8-51F56195BBEB}.Release|Any CPU.Build.0 = Release|Any CPU
		{E489DDF0-89CA-4AA8-B3F8-51F56195BBEB}.Release|x86.ActiveCfg = Release|Any CPU
		{809083E6-CFDB-419F-B994-955509541251}.Debug|Any CPU.ActiveCfg = Debug|Any CPU
		{809083E6-CFDB-419F-B994-955509541251}.Debug|Any CPU.Build.0 = Debug|Any CPU
		{809083E6-CFDB-419F-B994-955509541251}.Debug|x86.ActiveCfg = Debug|Any CPU
		{809083E6-CFDB-419F-B994-955509541251}.Release|Any CPU.ActiveCfg = Release|Any CPU
		{809083E6-CFDB-419F-B994-955509541251}.Release|Any CPU.Build.0 = Release|Any CPU
		{809083E6-CFDB-419F-B994-955509541251}.Release|x86.ActiveCfg = Release|Any CPU
		{C9CF7574-011D-40BA-AE61-2376B86E3BE5}.Debug|Any CPU.ActiveCfg = Debug|Any CPU
		{C9CF7574-011D-40BA-AE61-2376B86E3BE5}.Debug|Any CPU.Build.0 = Debug|Any CPU
		{C9CF7574-011D-40BA-AE61-2376B86E3BE5}.Debug|x86.ActiveCfg = Debug|Any CPU
		{C9CF7574-011D-40BA-AE61-2376B86E3BE5}.Release|Any CPU.ActiveCfg = Release|Any CPU
		{C9CF7574-011D-40BA-AE61-2376B86E3BE5}.Release|Any CPU.Build.0 = Release|Any CPU
		{C9CF7574-011D-40BA-AE61-2376B86E3BE5}.Release|x86.ActiveCfg = Release|Any CPU
		{D271871F-23EA-48C8-954D-B125D41B850C}.Debug|Any CPU.ActiveCfg = Debug|Any CPU
		{D271871F-23EA-48C8-954D-B125D41B850C}.Debug|Any CPU.Build.0 = Debug|Any CPU
		{D271871F-23EA-48C8-954D-B125D41B850C}.Debug|x86.ActiveCfg = Debug|Any CPU
		{D271871F-23EA-48C8-954D-B125D41B850C}.Release|Any CPU.ActiveCfg = Release|Any CPU
		{D271871F-23EA-48C8-954D-B125D41B850C}.Release|Any CPU.Build.0 = Release|Any CPU
		{D271871F-23EA-48C8-954D-B125D41B850C}.Release|x86.ActiveCfg = Release|Any CPU
		{AA80BD8E-4B35-48B6-B9FC-23247FA6A892}.Debug|Any CPU.ActiveCfg = Debug|Any CPU
		{AA80BD8E-4B35-48B6-B9FC-23247FA6A892}.Debug|Any CPU.Build.0 = Debug|Any CPU
		{AA80BD8E-4B35-48B6-B9FC-23247FA6A892}.Debug|x86.ActiveCfg = Debug|Any CPU
		{AA80BD8E-4B35-48B6-B9FC-23247FA6A892}.Release|Any CPU.ActiveCfg = Release|Any CPU
		{AA80BD8E-4B35-48B6-B9FC-23247FA6A892}.Release|Any CPU.Build.0 = Release|Any CPU
		{AA80BD8E-4B35-48B6-B9FC-23247FA6A892}.Release|x86.ActiveCfg = Release|Any CPU
		{C7B9B874-8502-4D5B-9EF1-9A13A5E50B74}.Debug|Any CPU.ActiveCfg = Debug|Any CPU
		{C7B9B874-8502-4D5B-9EF1-9A13A5E50B74}.Debug|Any CPU.Build.0 = Debug|Any CPU
		{C7B9B874-8502-4D5B-9EF1-9A13A5E50B74}.Debug|x86.ActiveCfg = Debug|Any CPU
		{C7B9B874-8502-4D5B-9EF1-9A13A5E50B74}.Release|Any CPU.ActiveCfg = Release|Any CPU
		{C7B9B874-8502-4D5B-9EF1-9A13A5E50B74}.Release|Any CPU.Build.0 = Release|Any CPU
		{C7B9B874-8502-4D5B-9EF1-9A13A5E50B74}.Release|x86.ActiveCfg = Release|Any CPU
		{1E1369C2-155E-4300-9233-2858631851D1}.Debug|Any CPU.ActiveCfg = Debug|Any CPU
		{1E1369C2-155E-4300-9233-2858631851D1}.Debug|Any CPU.Build.0 = Debug|Any CPU
		{1E1369C2-155E-4300-9233-2858631851D1}.Debug|x86.ActiveCfg = Debug|Any CPU
		{1E1369C2-155E-4300-9233-2858631851D1}.Release|Any CPU.ActiveCfg = Release|Any CPU
		{1E1369C2-155E-4300-9233-2858631851D1}.Release|Any CPU.Build.0 = Release|Any CPU
		{1E1369C2-155E-4300-9233-2858631851D1}.Release|x86.ActiveCfg = Release|Any CPU
		{7F8AA918-39F3-4AC1-B9E4-F5DE3D9BA830}.Debug|Any CPU.ActiveCfg = Debug|Any CPU
		{7F8AA918-39F3-4AC1-B9E4-F5DE3D9BA830}.Debug|Any CPU.Build.0 = Debug|Any CPU
		{7F8AA918-39F3-4AC1-B9E4-F5DE3D9BA830}.Debug|x86.ActiveCfg = Debug|Any CPU
		{7F8AA918-39F3-4AC1-B9E4-F5DE3D9BA830}.Release|Any CPU.ActiveCfg = Release|Any CPU
		{7F8AA918-39F3-4AC1-B9E4-F5DE3D9BA830}.Release|Any CPU.Build.0 = Release|Any CPU
		{7F8AA918-39F3-4AC1-B9E4-F5DE3D9BA830}.Release|x86.ActiveCfg = Release|Any CPU
		{C2C233B7-3407-44C6-BE1C-575CE10593C6}.Debug|Any CPU.ActiveCfg = Debug|Any CPU
		{C2C233B7-3407-44C6-BE1C-575CE10593C6}.Debug|Any CPU.Build.0 = Debug|Any CPU
		{C2C233B7-3407-44C6-BE1C-575CE10593C6}.Debug|x86.ActiveCfg = Debug|Any CPU
		{C2C233B7-3407-44C6-BE1C-575CE10593C6}.Release|Any CPU.ActiveCfg = Release|Any CPU
		{C2C233B7-3407-44C6-BE1C-575CE10593C6}.Release|Any CPU.Build.0 = Release|Any CPU
		{C2C233B7-3407-44C6-BE1C-575CE10593C6}.Release|x86.ActiveCfg = Release|Any CPU
	EndGlobalSection
	GlobalSection(SolutionProperties) = preSolution
		HideSolutionNode = FALSE
	EndGlobalSection
	GlobalSection(NestedProjects) = preSolution
		{FACF102B-E125-4782-AEAF-8C504C8DF050} = {F52EA672-7931-4207-B634-042E98173BE9}
		{386FF018-2DCA-4C76-A565-1CDB39770027} = {F52EA672-7931-4207-B634-042E98173BE9}
		{A09F608E-2705-4BF2-8647-74DD82C4B4FE} = {AF8AD8BD-72A3-4DA3-B515-34CFFFB92F9E}
		{00EF1342-559C-4EF4-89DE-4654D21292D9} = {F52EA672-7931-4207-B634-042E98173BE9}
		{809083E6-CFDB-419F-B994-955509541251} = {F52EA672-7931-4207-B634-042E98173BE9}
		{D271871F-23EA-48C8-954D-B125D41B850C} = {F52EA672-7931-4207-B634-042E98173BE9}
		{C7B9B874-8502-4D5B-9EF1-9A13A5E50B74} = {F52EA672-7931-4207-B634-042E98173BE9}
		{1E1369C2-155E-4300-9233-2858631851D1} = {F52EA672-7931-4207-B634-042E98173BE9}
		{7F8AA918-39F3-4AC1-B9E4-F5DE3D9BA830} = {F52EA672-7931-4207-B634-042E98173BE9}
		{C2C233B7-3407-44C6-BE1C-575CE10593C6} = {F52EA672-7931-4207-B634-042E98173BE9}
	EndGlobalSection
EndGlobal
